
Microsoft Visual Studio Solution File, Format Version 12.00
# Visual Studio Version 17
VisualStudioVersion = 17.1.32210.238
MinimumVisualStudioVersion = 10.0.40219.1
Project("{FAE04EC0-301F-11D3-BF4B-00C04F79EFBC}") = "getOrderStatusOnMarketplace", "getOrderStatusOnMarketplace\getOrderStatusOnMarketplace.csproj", "{04D452F2-D324-4ECE-BBB4-A3D91BA8EF02}"
EndProject
Global
	GlobalSection(SolutionConfigurationPlatforms) = preSolution
		Debug|Any CPU = Debug|Any CPU
		Release|Any CPU = Release|Any CPU
	EndGlobalSection
	GlobalSection(ProjectConfigurationPlatforms) = postSolution
		{04D452F2-D324-4ECE-BBB4-A3D91BA8EF02}.Debug|Any CPU.ActiveCfg = Debug|Any CPU
		{04D452F2-D324-4ECE-BBB4-A3D91BA8EF02}.Debug|Any CPU.Build.0 = Debug|Any CPU
		{04D452F2-D324-4ECE-BBB4-A3D91BA8EF02}.Release|Any CPU.ActiveCfg = Release|Any CPU
		{04D452F2-D324-4ECE-BBB4-A3D91BA8EF02}.Release|Any CPU.Build.0 = Release|Any CPU
	EndGlobalSection
	GlobalSection(SolutionProperties) = preSolution
		HideSolutionNode = FALSE
	EndGlobalSection
	GlobalSection(ExtensibilityGlobals) = postSolution
		SolutionGuid = {6AA4AB56-965C-4E26-B54C-39B4847419FA}
	EndGlobalSection
EndGlobal
